
Microsoft Visual Studio Solution File, Format Version 12.00
# Visual Studio Version 17
VisualStudioVersion = 17.14.36119.2
MinimumVisualStudioVersion = 10.0.40219.1
Project("{FAE04EC0-301F-11D3-BF4B-00C04F79EFBC}") = "Vista", "ExcepcionesClasesCapas\Vista.csproj", "{D36F02B0-A711-4855-A22F-470C415B7D31}"
EndProject
Project("{FAE04EC0-301F-11D3-BF4B-00C04F79EFBC}") = "Logica", "Logica\Logica.csproj", "{7E51341B-BB9E-480B-A95C-581732863FD4}"
EndProject
Project("{FAE04EC0-301F-11D3-BF4B-00C04F79EFBC}") = "ModeloDatos", "ModeloDatos\ModeloDatos.csproj", "{4910557C-A9B7-47D3-A1E9-C2B57DC207F7}"
EndProject
Global
	GlobalSection(SolutionConfigurationPlatforms) = preSolution
		Debug|Any CPU = Debug|Any CPU
		Release|Any CPU = Release|Any CPU
	EndGlobalSection
	GlobalSection(ProjectConfigurationPlatforms) = postSolution
		{D36F02B0-A711-4855-A22F-470C415B7D31}.Debug|Any CPU.ActiveCfg = Debug|Any CPU
		{D36F02B0-A711-4855-A22F-470C415B7D31}.Debug|Any CPU.Build.0 = Debug|Any CPU
		{D36F02B0-A711-4855-A22F-470C415B7D31}.Release|Any CPU.ActiveCfg = Release|Any CPU
		{D36F02B0-A711-4855-A22F-470C415B7D31}.Release|Any CPU.Build.0 = Release|Any CPU
		{7E51341B-BB9E-480B-A95C-581732863FD4}.Debug|Any CPU.ActiveCfg = Debug|Any CPU
		{7E51341B-BB9E-480B-A95C-581732863FD4}.Debug|Any CPU.Build.0 = Debug|Any CPU
		{7E51341B-BB9E-480B-A95C-581732863FD4}.Release|Any CPU.ActiveCfg = Release|Any CPU
		{7E51341B-BB9E-480B-A95C-581732863FD4}.Release|Any CPU.Build.0 = Release|Any CPU
		{4910557C-A9B7-47D3-A1E9-C2B57DC207F7}.Debug|Any CPU.ActiveCfg = Debug|Any CPU
		{4910557C-A9B7-47D3-A1E9-C2B57DC207F7}.Debug|Any CPU.Build.0 = Debug|Any CPU
		{4910557C-A9B7-47D3-A1E9-C2B57DC207F7}.Release|Any CPU.ActiveCfg = Release|Any CPU
		{4910557C-A9B7-47D3-A1E9-C2B57DC207F7}.Release|Any CPU.Build.0 = Release|Any CPU
	EndGlobalSection
	GlobalSection(SolutionProperties) = preSolution
		HideSolutionNode = FALSE
	EndGlobalSection
	GlobalSection(ExtensibilityGlobals) = postSolution
		SolutionGuid = {E80951A6-932E-447E-A277-CC32B6DC1302}
	EndGlobalSection
EndGlobal
